Microsoft Visual Studio Solution File, Format Version 12.00
# Visual Studio Version 17
VisualStudioVersion = 17.5.2.0
MinimumVisualStudioVersion = 10.0.40219.1
Project("{FAE04EC0-301F-11D3-BF4B-00C04F79EFBC}") = "Program.cs", "Program.cs\Program.cs.csproj", "{3DA3FB55-7D33-E781-EB4B-FAA7E3F4E776}"
EndProject
Project("{FAE04EC0-301F-11D3-BF4B-00C04F79EFBC}") = "studycase27.cs", "studycase27.cs\studycase27.cs.csproj", "{F5B80903-A3A0-B58A-6252-2966D4DFC9D6}"
EndProject
Global
	GlobalSection(SolutionConfigurationPlatforms) = preSolution
		Debug|Any CPU = Debug|Any CPU
		Release|Any CPU = Release|Any CPU
	EndGlobalSection
	GlobalSection(ProjectConfigurationPlatforms) = postSolution
		{3DA3FB55-7D33-E781-EB4B-FAA7E3F4E776}.Debug|Any CPU.ActiveCfg = Debug|Any CPU
		{3DA3FB55-7D33-E781-EB4B-FAA7E3F4E776}.Debug|Any CPU.Build.0 = Debug|Any CPU
		{3DA3FB55-7D33-E781-EB4B-FAA7E3F4E776}.Release|Any CPU.ActiveCfg = Release|Any CPU
		{3DA3FB55-7D33-E781-EB4B-FAA7E3F4E776}.Release|Any CPU.Build.0 = Release|Any CPU
		{F5B80903-A3A0-B58A-6252-2966D4DFC9D6}.Debug|Any CPU.ActiveCfg = Debug|Any CPU
		{F5B80903-A3A0-B58A-6252-2966D4DFC9D6}.Debug|Any CPU.Build.0 = Debug|Any CPU
		{F5B80903-A3A0-B58A-6252-2966D4DFC9D6}.Release|Any CPU.ActiveCfg = Release|Any CPU
		{F5B80903-A3A0-B58A-6252-2966D4DFC9D6}.Release|Any CPU.Build.0 = Release|Any CPU
	EndGlobalSection
	GlobalSection(SolutionProperties) = preSolution
		HideSolutionNode = FALSE
	EndGlobalSection
	GlobalSection(ExtensibilityGlobals) = postSolution
		SolutionGuid = {ED0E3EEF-882C-4D24-A3AB-5BDE457196A0}
	EndGlobalSection
EndGlobal
